
Microsoft Visual Studio Solution File, Format Version 12.00
# Visual Studio 15
VisualStudioVersion = 15.0.28010.2048
MinimumVisualStudioVersion = 10.0.40219.1
Project("{FAE04EC0-301F-11D3-BF4B-00C04F79EFBC}") = "LessonDelegate", "LessonDelegate\LessonDelegate.csproj", "{D9079733-AA03-4AAA-9785-BFC7D77A0DDC}"
EndProject
Global
	GlobalSection(SolutionConfigurationPlatforms) = preSolution
		Debug|Any CPU = Debug|Any CPU
		Release|Any CPU = Release|Any CPU
	EndGlobalSection
	GlobalSection(ProjectConfigurationPlatforms) = postSolution
		{D9079733-AA03-4AAA-9785-BFC7D77A0DDC}.Debug|Any CPU.ActiveCfg = Debug|Any CPU
		{D9079733-AA03-4AAA-9785-BFC7D77A0DDC}.Debug|Any CPU.Build.0 = Debug|Any CPU
		{D9079733-AA03-4AAA-9785-BFC7D77A0DDC}.Release|Any CPU.ActiveCfg = Release|Any CPU
		{D9079733-AA03-4AAA-9785-BFC7D77A0DDC}.Release|Any CPU.Build.0 = Release|Any CPU
	EndGlobalSection
	GlobalSection(SolutionProperties) = preSolution
		HideSolutionNode = FALSE
	EndGlobalSection
	GlobalSection(ExtensibilityGlobals) = postSolution
		SolutionGuid = {B6688EF9-C497-4D74-8713-ED04866EBE32}
	EndGlobalSection
EndGlobal
